
Microsoft Visual Studio Solution File, Format Version 12.00
# Visual Studio Version 17
VisualStudioVersion = 17.12.35707.178
MinimumVisualStudioVersion = 10.0.40219.1
Project("{FAE04EC0-301F-11D3-BF4B-00C04F79EFBC}") = "BlazorApp", "BlazorApp\BlazorApp.csproj", "{3B77CAE7-99C4-483E-B48C-9A83FE1ACAD1}"
EndProject
Project("{FAE04EC0-301F-11D3-BF4B-00C04F79EFBC}") = "BlazorApp.Shared", "BlazorApp.Shared\BlazorApp.Shared.csproj", "{D7B75134-6093-4052-AA0E-3BDF4BBD25F4}"
EndProject
Project("{FAE04EC0-301F-11D3-BF4B-00C04F79EFBC}") = "BlazorApp.Server", "BlazorApp.Server\BlazorApp.Server.csproj", "{DB2D6A12-E78A-46CE-AB9B-201EDBB0939F}"
EndProject
Global
	GlobalSection(SolutionConfigurationPlatforms) = preSolution
		Debug|Any CPU = Debug|Any CPU
		Release|Any CPU = Release|Any CPU
	EndGlobalSection
	GlobalSection(ProjectConfigurationPlatforms) = postSolution
		{3B77CAE7-99C4-483E-B48C-9A83FE1ACAD1}.Debug|Any CPU.ActiveCfg = Debug|Any CPU
		{3B77CAE7-99C4-483E-B48C-9A83FE1ACAD1}.Debug|Any CPU.Build.0 = Debug|Any CPU
		{3B77CAE7-99C4-483E-B48C-9A83FE1ACAD1}.Release|Any CPU.ActiveCfg = Release|Any CPU
		{3B77CAE7-99C4-483E-B48C-9A83FE1ACAD1}.Release|Any CPU.Build.0 = Release|Any CPU
		{D7B75134-6093-4052-AA0E-3BDF4BBD25F4}.Debug|Any CPU.ActiveCfg = Debug|Any CPU
		{D7B75134-6093-4052-AA0E-3BDF4BBD25F4}.Debug|Any CPU.Build.0 = Debug|Any CPU
		{D7B75134-6093-4052-AA0E-3BDF4BBD25F4}.Release|Any CPU.ActiveCfg = Release|Any CPU
		{D7B75134-6093-4052-AA0E-3BDF4BBD25F4}.Release|Any CPU.Build.0 = Release|Any CPU
		{DB2D6A12-E78A-46CE-AB9B-201EDBB0939F}.Debug|Any CPU.ActiveCfg = Debug|Any CPU
		{DB2D6A12-E78A-46CE-AB9B-201EDBB0939F}.Debug|Any CPU.Build.0 = Debug|Any CPU
		{DB2D6A12-E78A-46CE-AB9B-201EDBB0939F}.Release|Any CPU.ActiveCfg = Release|Any CPU
		{DB2D6A12-E78A-46CE-AB9B-201EDBB0939F}.Release|Any CPU.Build.0 = Release|Any CPU
	EndGlobalSection
	GlobalSection(SolutionProperties) = preSolution
		HideSolutionNode = FALSE
	EndGlobalSection
EndGlobal
